
Microsoft Visual Studio Solution File, Format Version 12.00
# Visual Studio Version 16
VisualStudioVersion = 16.6.30114.105
MinimumVisualStudioVersion = 10.0.40219.1
Project("{2150E333-8FDC-42A3-9474-1A3956D46DE8}") = "src", "src", "{06FCF49D-3A8E-4FA3-85CF-759EACC6B491}"
EndProject
Project("{2150E333-8FDC-42A3-9474-1A3956D46DE8}") = "Frameworks", "Frameworks", "{C3210EAF-8EE5-43F4-A1E3-7F6ABA5AF097}"
EndProject
Project("{2150E333-8FDC-42A3-9474-1A3956D46DE8}") = "UserManagement", "UserManagement", "{895A0A3A-7D99-4379-ACA4-0ABE045E258A}"
EndProject
Project("{FAE04EC0-301F-11D3-BF4B-00C04F79EFBC}") = "Framework.Buses", "src\Frameworks\Framework.Buses\Framework.Buses.csproj", "{376E9074-7D6E-40EC-A12F-5BD49A88D636}"
EndProject
Project("{FAE04EC0-301F-11D3-BF4B-00C04F79EFBC}") = "Framework.CircuitBreakers", "src\Frameworks\Framework.CircuitBreakers\Framework.CircuitBreakers.csproj", "{D815FE34-92B7-4C51-8DC3-AB4A4CF31B70}"
EndProject
Project("{FAE04EC0-301F-11D3-BF4B-00C04F79EFBC}") = "Framework.Commands", "src\Frameworks\Framework.Commands\Framework.Commands.csproj", "{667126FE-9234-440B-871B-169FE4F7D666}"
EndProject
Project("{FAE04EC0-301F-11D3-BF4B-00C04F79EFBC}") = "Framework.Common", "src\Frameworks\Framework.Common\Framework.Common.csproj", "{50147CCF-9BEF-4F37-81EF-BB9A3E0D69AB}"
EndProject
Project("{FAE04EC0-301F-11D3-BF4B-00C04F79EFBC}") = "Framework.Context", "src\Frameworks\Framework.Context\Framework.Context.csproj", "{C792F657-979D-4C95-8669-08AD7AD79FF4}"
EndProject
Project("{FAE04EC0-301F-11D3-BF4B-00C04F79EFBC}") = "Framework.Controller", "src\Frameworks\Framework.Controller\Framework.Controller.csproj", "{AD4F9BC7-313C-422B-9B21-D7B5128BC6D0}"
EndProject
Project("{FAE04EC0-301F-11D3-BF4B-00C04F79EFBC}") = "Framework.Domain", "src\Frameworks\Framework.Domain\Framework.Domain.csproj", "{86AD66DF-F7E6-4BC2-9480-04E6F4BC62F2}"
EndProject
Project("{FAE04EC0-301F-11D3-BF4B-00C04F79EFBC}") = "Framework.Exception", "src\Frameworks\Framework.Exception\Framework.Exception.csproj", "{BB40C3C4-C3F6-43AE-AEF2-82C812B90F4A}"
EndProject
Project("{FAE04EC0-301F-11D3-BF4B-00C04F79EFBC}") = "Framework.Queries", "src\Frameworks\Framework.Queries\Framework.Queries.csproj", "{F8928AC0-B4CD-4482-A6C2-A5344B5451C0}"
EndProject
Project("{FAE04EC0-301F-11D3-BF4B-00C04F79EFBC}") = "Framework.UnitOfWork", "src\Frameworks\Framework.UnitOfWork\Framework.UnitOfWork.csproj", "{5017CE97-FCB1-410A-A50F-0FF0FA9AD14F}"
EndProject
Project("{2150E333-8FDC-42A3-9474-1A3956D46DE8}") = "Domains", "Domains", "{9C484BC0-9128-4DA1-8959-A34BA9D5370C}"
EndProject
Project("{2150E333-8FDC-42A3-9474-1A3956D46DE8}") = "Infrastructures", "Infrastructures", "{B14948B6-1805-49F6-B0C4-515284330B11}"
EndProject
Project("{2150E333-8FDC-42A3-9474-1A3956D46DE8}") = "ServiceContract", "ServiceContract", "{7A20C28A-C32D-46CA-8DB7-83668D91C82E}"
EndProject
Project("{FAE04EC0-301F-11D3-BF4B-00C04F79EFBC}") = "UserManagement.Domains", "src\UserManagement\Domains\UserManagement.Domains\UserManagement.Domains.csproj", "{3CB0E2B1-1FDE-43A2-9475-E67D26A88FD2}"
EndProject
Project("{FAE04EC0-301F-11D3-BF4B-00C04F79EFBC}") = "UserManagement.Configurations", "src\UserManagement\infrastructures\UserManagement.Configurations\UserManagement.Configurations.csproj", "{FD18321A-A3E4-4231-936C-76640A7DCC02}"
EndProject
Project("{FAE04EC0-301F-11D3-BF4B-00C04F79EFBC}") = "UserManagement.Persistance.EF", "src\UserManagement\infrastructures\UserManagement.Persistance.EF\UserManagement.Persistance.EF.csproj", "{43FF9A5F-4AA1-4FCB-8585-7817826B1968}"
EndProject
Project("{FAE04EC0-301F-11D3-BF4B-00C04F79EFBC}") = "Service.Contract", "src\UserManagement\ServiceContract\Service.Contract\Service.Contract.csproj", "{7A09C2A6-BA73-4E30-A5FC-34CAC9EB9447}"
EndProject
Project("{FAE04EC0-301F-11D3-BF4B-00C04F79EFBC}") = "Service.Query", "src\UserManagement\ServiceContract\Service.Query\Service.Query.csproj", "{55CA7F90-F6EA-483A-ADB2-071EE3E8880E}"
EndProject
Project("{FAE04EC0-301F-11D3-BF4B-00C04F79EFBC}") = "Service.Query.Model", "src\UserManagement\ServiceContract\Service.Query.Model\Service.Query.Model.csproj", "{4B7C0895-9FD4-421B-A8F0-5E2C48EBE3B9}"
EndProject
Project("{FAE04EC0-301F-11D3-BF4B-00C04F79EFBC}") = "ServiceContract.Command", "src\UserManagement\ServiceContract\ServiceContract.Command\ServiceContract.Command.csproj", "{99AFF371-5C37-4A9B-8C9E-109C6B28EC52}"
EndProject
Project("{2150E333-8FDC-42A3-9474-1A3956D46DE8}") = "Presentation", "Presentation", "{776B4D67-B8A2-4225-A254-472FBE1E95D7}"
EndProject
Project("{FAE04EC0-301F-11D3-BF4B-00C04F79EFBC}") = "UserManagement.Service", "src\UserManagement\Presentation\UserManagement.Service\UserManagement.Service.csproj", "{F3A17022-DB10-4430-9FFE-92D365394F7B}"
EndProject
Project("{2150E333-8FDC-42A3-9474-1A3956D46DE8}") = "TicketManagement", "TicketManagement", "{41E63746-5221-4425-81EC-F45D6D06973A}"
EndProject
Project("{2150E333-8FDC-42A3-9474-1A3956D46DE8}") = "Domains", "Domains", "{7547321A-E6DB-4180-9665-D0C2ABFF0691}"
EndProject
Project("{FAE04EC0-301F-11D3-BF4B-00C04F79EFBC}") = "TicketManagement.Domain", "src\TicketManagement\Domains\TicketManagement.Domain\TicketManagement.Domain.csproj", "{F5B56898-B40B-4297-A1BA-60670BEC5333}"
EndProject
Project("{2150E333-8FDC-42A3-9474-1A3956D46DE8}") = "Infrastructures", "Infrastructures", "{03086F74-92CB-467A-A6DA-E2DE86F6180C}"
EndProject
Project("{2150E333-8FDC-42A3-9474-1A3956D46DE8}") = "ServiceContract", "ServiceContract", "{0CFB5088-B62B-42D2-864A-FB07B712790A}"
EndProject
Project("{2150E333-8FDC-42A3-9474-1A3956D46DE8}") = "Presentation", "Presentation", "{6BFB8B74-8090-4A5C-9021-CA95980DDD1E}"
EndProject
Project("{FAE04EC0-301F-11D3-BF4B-00C04F79EFBC}") = "TicketManagement.Persistance.EF", "src\TicketManagement\Infrastructures\TicketManagement.Persistance.EF\TicketManagement.Persistance.EF.csproj", "{98E78C45-2E63-4D9D-8722-4035DBB08B84}"
EndProject
Project("{FAE04EC0-301F-11D3-BF4B-00C04F79EFBC}") = "TicketManagement.Configurations", "src\TicketManagement\Infrastructures\TicketManagement.Configurations\TicketManagement.Configurations.csproj", "{B70BBE62-92AC-4EA5-BA3C-F273F64C77D9}"
EndProject
Project("{FAE04EC0-301F-11D3-BF4B-00C04F79EFBC}") = "TicketManagement.CommandHandler", "src\TicketManagement\ServiceContract\TicketManagement.CommandHandler\TicketManagement.CommandHandler.csproj", "{3995CB43-7F08-4175-AA24-6B4B0B30F612}"
EndProject
Project("{FAE04EC0-301F-11D3-BF4B-00C04F79EFBC}") = "TicketManagement.Commands", "src\TicketManagement\ServiceContract\TicketManagement.Commands\TicketManagement.Commands.csproj", "{05ACE34D-57DE-4DDA-B3C6-B264FB504C7D}"
EndProject
Project("{FAE04EC0-301F-11D3-BF4B-00C04F79EFBC}") = "TicketManagement.Queries", "src\TicketManagement\ServiceContract\TicketManagement.Queries\TicketManagement.Queries.csproj", "{18917DB4-F3D1-461E-BB53-EC02A6F86F92}"
EndProject
Project("{FAE04EC0-301F-11D3-BF4B-00C04F79EFBC}") = "TicketManagement.Query.Models", "src\TicketManagement\ServiceContract\TicketManagement.Query.Models\TicketManagement.Query.Models.csproj", "{34AA998C-C338-4AFE-8F8A-5DF5543501D0}"
EndProject
Project("{FAE04EC0-301F-11D3-BF4B-00C04F79EFBC}") = "TicketManagement.Service", "src\TicketManagement\Presentation\TicketManagement.Service\TicketManagement.Service.csproj", "{1BCE6C95-B4C8-417D-BC97-86A5D7FC6A87}"
EndProject
Project("{2150E333-8FDC-42A3-9474-1A3956D46DE8}") = "TestSolution", "TestSolution", "{FFCBCD07-AF0A-4C92-8A21-11AE79E96233}"
EndProject
Project("{FAE04EC0-301F-11D3-BF4B-00C04F79EFBC}") = "Ticket.Domain.Tests.Unit", "TestSolution\Ticket.Domain.Tests.Unit\Ticket.Domain.Tests.Unit.csproj", "{12062436-9AA1-4905-A4CD-FF1D1D66491B}"
EndProject
Project("{FAE04EC0-301F-11D3-BF4B-00C04F79EFBC}") = "Ticket.Application.Tests.Unit", "TestSolution\Ticket.Application.Tests.Unit\Ticket.Application.Tests.Unit.csproj", "{52928A25-D5B0-4A09-95AC-F9255BCF8900}"
EndProject
Global
	GlobalSection(SolutionConfigurationPlatforms) = preSolution
		Debug|Any CPU = Debug|Any CPU
		Debug|x64 = Debug|x64
		Debug|x86 = Debug|x86
		Release|Any CPU = Release|Any CPU
		Release|x64 = Release|x64
		Release|x86 = Release|x86
	EndGlobalSection
	GlobalSection(SolutionProperties) = preSolution
		HideSolutionNode = FALSE
	EndGlobalSection
	GlobalSection(NestedProjects) = preSolution
		{C3210EAF-8EE5-43F4-A1E3-7F6ABA5AF097} = {06FCF49D-3A8E-4FA3-85CF-759EACC6B491}
		{895A0A3A-7D99-4379-ACA4-0ABE045E258A} = {06FCF49D-3A8E-4FA3-85CF-759EACC6B491}
		{376E9074-7D6E-40EC-A12F-5BD49A88D636} = {C3210EAF-8EE5-43F4-A1E3-7F6ABA5AF097}
		{D815FE34-92B7-4C51-8DC3-AB4A4CF31B70} = {C3210EAF-8EE5-43F4-A1E3-7F6ABA5AF097}
		{667126FE-9234-440B-871B-169FE4F7D666} = {C3210EAF-8EE5-43F4-A1E3-7F6ABA5AF097}
		{50147CCF-9BEF-4F37-81EF-BB9A3E0D69AB} = {C3210EAF-8EE5-43F4-A1E3-7F6ABA5AF097}
		{C792F657-979D-4C95-8669-08AD7AD79FF4} = {C3210EAF-8EE5-43F4-A1E3-7F6ABA5AF097}
		{AD4F9BC7-313C-422B-9B21-D7B5128BC6D0} = {C3210EAF-8EE5-43F4-A1E3-7F6ABA5AF097}
		{86AD66DF-F7E6-4BC2-9480-04E6F4BC62F2} = {C3210EAF-8EE5-43F4-A1E3-7F6ABA5AF097}
		{BB40C3C4-C3F6-43AE-AEF2-82C812B90F4A} = {C3210EAF-8EE5-43F4-A1E3-7F6ABA5AF097}
		{F8928AC0-B4CD-4482-A6C2-A5344B5451C0} = {C3210EAF-8EE5-43F4-A1E3-7F6ABA5AF097}
		{5017CE97-FCB1-410A-A50F-0FF0FA9AD14F} = {C3210EAF-8EE5-43F4-A1E3-7F6ABA5AF097}
		{9C484BC0-9128-4DA1-8959-A34BA9D5370C} = {895A0A3A-7D99-4379-ACA4-0ABE045E258A}
		{B14948B6-1805-49F6-B0C4-515284330B11} = {895A0A3A-7D99-4379-ACA4-0ABE045E258A}
		{7A20C28A-C32D-46CA-8DB7-83668D91C82E} = {895A0A3A-7D99-4379-ACA4-0ABE045E258A}
		{3CB0E2B1-1FDE-43A2-9475-E67D26A88FD2} = {9C484BC0-9128-4DA1-8959-A34BA9D5370C}
		{FD18321A-A3E4-4231-936C-76640A7DCC02} = {B14948B6-1805-49F6-B0C4-515284330B11}
		{43FF9A5F-4AA1-4FCB-8585-7817826B1968} = {B14948B6-1805-49F6-B0C4-515284330B11}
		{7A09C2A6-BA73-4E30-A5FC-34CAC9EB9447} = {7A20C28A-C32D-46CA-8DB7-83668D91C82E}
		{55CA7F90-F6EA-483A-ADB2-071EE3E8880E} = {7A20C28A-C32D-46CA-8DB7-83668D91C82E}
		{4B7C0895-9FD4-421B-A8F0-5E2C48EBE3B9} = {7A20C28A-C32D-46CA-8DB7-83668D91C82E}
		{99AFF371-5C37-4A9B-8C9E-109C6B28EC52} = {7A20C28A-C32D-46CA-8DB7-83668D91C82E}
		{F3A17022-DB10-4430-9FFE-92D365394F7B} = {776B4D67-B8A2-4225-A254-472FBE1E95D7}
		{776B4D67-B8A2-4225-A254-472FBE1E95D7} = {895A0A3A-7D99-4379-ACA4-0ABE045E258A}
		{41E63746-5221-4425-81EC-F45D6D06973A} = {06FCF49D-3A8E-4FA3-85CF-759EACC6B491}
		{7547321A-E6DB-4180-9665-D0C2ABFF0691} = {41E63746-5221-4425-81EC-F45D6D06973A}
		{F5B56898-B40B-4297-A1BA-60670BEC5333} = {7547321A-E6DB-4180-9665-D0C2ABFF0691}
		{03086F74-92CB-467A-A6DA-E2DE86F6180C} = {41E63746-5221-4425-81EC-F45D6D06973A}
		{0CFB5088-B62B-42D2-864A-FB07B712790A} = {41E63746-5221-4425-81EC-F45D6D06973A}
		{6BFB8B74-8090-4A5C-9021-CA95980DDD1E} = {41E63746-5221-4425-81EC-F45D6D06973A}
		{98E78C45-2E63-4D9D-8722-4035DBB08B84} = {03086F74-92CB-467A-A6DA-E2DE86F6180C}
		{B70BBE62-92AC-4EA5-BA3C-F273F64C77D9} = {03086F74-92CB-467A-A6DA-E2DE86F6180C}
		{3995CB43-7F08-4175-AA24-6B4B0B30F612} = {0CFB5088-B62B-42D2-864A-FB07B712790A}
		{05ACE34D-57DE-4DDA-B3C6-B264FB504C7D} = {0CFB5088-B62B-42D2-864A-FB07B712790A}
		{18917DB4-F3D1-461E-BB53-EC02A6F86F92} = {0CFB5088-B62B-42D2-864A-FB07B712790A}
		{34AA998C-C338-4AFE-8F8A-5DF5543501D0} = {0CFB5088-B62B-42D2-864A-FB07B712790A}
		{1BCE6C95-B4C8-417D-BC97-86A5D7FC6A87} = {6BFB8B74-8090-4A5C-9021-CA95980DDD1E}
		{12062436-9AA1-4905-A4CD-FF1D1D66491B} = {FFCBCD07-AF0A-4C92-8A21-11AE79E96233}
		{52928A25-D5B0-4A09-95AC-F9255BCF8900} = {FFCBCD07-AF0A-4C92-8A21-11AE79E96233}
	EndGlobalSection
	GlobalSection(ProjectConfigurationPlatforms) = postSolution
		{376E9074-7D6E-40EC-A12F-5BD49A88D636}.Debug|Any CPU.ActiveCfg = Debug|Any CPU
		{376E9074-7D6E-40EC-A12F-5BD49A88D636}.Debug|Any CPU.Build.0 = Debug|Any CPU
		{376E9074-7D6E-40EC-A12F-5BD49A88D636}.Debug|x64.ActiveCfg = Debug|Any CPU
		{376E9074-7D6E-40EC-A12F-5BD49A88D636}.Debug|x64.Build.0 = Debug|Any CPU
		{376E9074-7D6E-40EC-A12F-5BD49A88D636}.Debug|x86.ActiveCfg = Debug|Any CPU
		{376E9074-7D6E-40EC-A12F-5BD49A88D636}.Debug|x86.Build.0 = Debug|Any CPU
		{376E9074-7D6E-40EC-A12F-5BD49A88D636}.Release|Any CPU.ActiveCfg = Release|Any CPU
		{376E9074-7D6E-40EC-A12F-5BD49A88D636}.Release|Any CPU.Build.0 = Release|Any CPU
		{376E9074-7D6E-40EC-A12F-5BD49A88D636}.Release|x64.ActiveCfg = Release|Any CPU
		{376E9074-7D6E-40EC-A12F-5BD49A88D636}.Release|x64.Build.0 = Release|Any CPU
		{376E9074-7D6E-40EC-A12F-5BD49A88D636}.Release|x86.ActiveCfg = Release|Any CPU
		{376E9074-7D6E-40EC-A12F-5BD49A88D636}.Release|x86.Build.0 = Release|Any CPU
		{D815FE34-92B7-4C51-8DC3-AB4A4CF31B70}.Debug|Any CPU.ActiveCfg = Debug|Any CPU
		{D815FE34-92B7-4C51-8DC3-AB4A4CF31B70}.Debug|Any CPU.Build.0 = Debug|Any CPU
		{D815FE34-92B7-4C51-8DC3-AB4A4CF31B70}.Debug|x64.ActiveCfg = Debug|Any CPU
		{D815FE34-92B7-4C51-8DC3-AB4A4CF31B70}.Debug|x64.Build.0 = Debug|Any CPU
		{D815FE34-92B7-4C51-8DC3-AB4A4CF31B70}.Debug|x86.ActiveCfg = Debug|Any CPU
		{D815FE34-92B7-4C51-8DC3-AB4A4CF31B70}.Debug|x86.Build.0 = Debug|Any CPU
		{D815FE34-92B7-4C51-8DC3-AB4A4CF31B70}.Release|Any CPU.ActiveCfg = Release|Any CPU
		{D815FE34-92B7-4C51-8DC3-AB4A4CF31B70}.Release|Any CPU.Build.0 = Release|Any CPU
		{D815FE34-92B7-4C51-8DC3-AB4A4CF31B70}.Release|x64.ActiveCfg = Release|Any CPU
		{D815FE34-92B7-4C51-8DC3-AB4A4CF31B70}.Release|x64.Build.0 = Release|Any CPU
		{D815FE34-92B7-4C51-8DC3-AB4A4CF31B70}.Release|x86.ActiveCfg = Release|Any CPU
		{D815FE34-92B7-4C51-8DC3-AB4A4CF31B70}.Release|x86.Build.0 = Release|Any CPU
		{667126FE-9234-440B-871B-169FE4F7D666}.Debug|Any CPU.ActiveCfg = Debug|Any CPU
		{667126FE-9234-440B-871B-169FE4F7D666}.Debug|Any CPU.Build.0 = Debug|Any CPU
		{667126FE-9234-440B-871B-169FE4F7D666}.Debug|x64.ActiveCfg = Debug|Any CPU
		{667126FE-9234-440B-871B-169FE4F7D666}.Debug|x64.Build.0 = Debug|Any CPU
		{667126FE-9234-440B-871B-169FE4F7D666}.Debug|x86.ActiveCfg = Debug|Any CPU
		{667126FE-9234-440B-871B-169FE4F7D666}.Debug|x86.Build.0 = Debug|Any CPU
		{667126FE-9234-440B-871B-169FE4F7D666}.Release|Any CPU.ActiveCfg = Release|Any CPU
		{667126FE-9234-440B-871B-169FE4F7D666}.Release|Any CPU.Build.0 = Release|Any CPU
		{667126FE-9234-440B-871B-169FE4F7D666}.Release|x64.ActiveCfg = Release|Any CPU
		{667126FE-9234-440B-871B-169FE4F7D666}.Release|x64.Build.0 = Release|Any CPU
		{667126FE-9234-440B-871B-169FE4F7D666}.Release|x86.ActiveCfg = Release|Any CPU
		{667126FE-9234-440B-871B-169FE4F7D666}.Release|x86.Build.0 = Release|Any CPU
		{50147CCF-9BEF-4F37-81EF-BB9A3E0D69AB}.Debug|Any CPU.ActiveCfg = Debug|Any CPU
		{50147CCF-9BEF-4F37-81EF-BB9A3E0D69AB}.Debug|Any CPU.Build.0 = Debug|Any CPU
		{50147CCF-9BEF-4F37-81EF-BB9A3E0D69AB}.Debug|x64.ActiveCfg = Debug|Any CPU
		{50147CCF-9BEF-4F37-81EF-BB9A3E0D69AB}.Debug|x64.Build.0 = Debug|Any CPU
		{50147CCF-9BEF-4F37-81EF-BB9A3E0D69AB}.Debug|x86.ActiveCfg = Debug|Any CPU
		{50147CCF-9BEF-4F37-81EF-BB9A3E0D69AB}.Debug|x86.Build.0 = Debug|Any CPU
		{50147CCF-9BEF-4F37-81EF-BB9A3E0D69AB}.Release|Any CPU.ActiveCfg = Release|Any CPU
		{50147CCF-9BEF-4F37-81EF-BB9A3E0D69AB}.Release|Any CPU.Build.0 = Release|Any CPU
		{50147CCF-9BEF-4F37-81EF-BB9A3E0D69AB}.Release|x64.ActiveCfg = Release|Any CPU
		{50147CCF-9BEF-4F37-81EF-BB9A3E0D69AB}.Release|x64.Build.0 = Release|Any CPU
		{50147CCF-9BEF-4F37-81EF-BB9A3E0D69AB}.Release|x86.ActiveCfg = Release|Any CPU
		{50147CCF-9BEF-4F37-81EF-BB9A3E0D69AB}.Release|x86.Build.0 = Release|Any CPU
		{C792F657-979D-4C95-8669-08AD7AD79FF4}.Debug|Any CPU.ActiveCfg = Debug|Any CPU
		{C792F657-979D-4C95-8669-08AD7AD79FF4}.Debug|Any CPU.Build.0 = Debug|Any CPU
		{C792F657-979D-4C95-8669-08AD7AD79FF4}.Debug|x64.ActiveCfg = Debug|Any CPU
		{C792F657-979D-4C95-8669-08AD7AD79FF4}.Debug|x64.Build.0 = Debug|Any CPU
		{C792F657-979D-4C95-8669-08AD7AD79FF4}.Debug|x86.ActiveCfg = Debug|Any CPU
		{C792F657-979D-4C95-8669-08AD7AD79FF4}.Debug|x86.Build.0 = Debug|Any CPU
		{C792F657-979D-4C95-8669-08AD7AD79FF4}.Release|Any CPU.ActiveCfg = Release|Any CPU
		{C792F657-979D-4C95-8669-08AD7AD79FF4}.Release|Any CPU.Build.0 = Release|Any CPU
		{C792F657-979D-4C95-8669-08AD7AD79FF4}.Release|x64.ActiveCfg = Release|Any CPU
		{C792F657-979D-4C95-8669-08AD7AD79FF4}.Release|x64.Build.0 = Release|Any CPU
		{C792F657-979D-4C95-8669-08AD7AD79FF4}.Release|x86.ActiveCfg = Release|Any CPU
		{C792F657-979D-4C95-8669-08AD7AD79FF4}.Release|x86.Build.0 = Release|Any CPU
		{AD4F9BC7-313C-422B-9B21-D7B5128BC6D0}.Debug|Any CPU.ActiveCfg = Debug|Any CPU
		{AD4F9BC7-313C-422B-9B21-D7B5128BC6D0}.Debug|Any CPU.Build.0 = Debug|Any CPU
		{AD4F9BC7-313C-422B-9B21-D7B5128BC6D0}.Debug|x64.ActiveCfg = Debug|Any CPU
		{AD4F9BC7-313C-422B-9B21-D7B5128BC6D0}.Debug|x64.Build.0 = Debug|Any CPU
		{AD4F9BC7-313C-422B-9B21-D7B5128BC6D0}.Debug|x86.ActiveCfg = Debug|Any CPU
		{AD4F9BC7-313C-422B-9B21-D7B5128BC6D0}.Debug|x86.Build.0 = Debug|Any CPU
		{AD4F9BC7-313C-422B-9B21-D7B5128BC6D0}.Release|Any CPU.ActiveCfg = Release|Any CPU
		{AD4F9BC7-313C-422B-9B21-D7B5128BC6D0}.Release|Any CPU.Build.0 = Release|Any CPU
		{AD4F9BC7-313C-422B-9B21-D7B5128BC6D0}.Release|x64.ActiveCfg = Release|Any CPU
		{AD4F9BC7-313C-422B-9B21-D7B5128BC6D0}.Release|x64.Build.0 = Release|Any CPU
		{AD4F9BC7-313C-422B-9B21-D7B5128BC6D0}.Release|x86.ActiveCfg = Release|Any CPU
		{AD4F9BC7-313C-422B-9B21-D7B5128BC6D0}.Release|x86.Build.0 = Release|Any CPU
		{86AD66DF-F7E6-4BC2-9480-04E6F4BC62F2}.Debug|Any CPU.ActiveCfg = Debug|Any CPU
		{86AD66DF-F7E6-4BC2-9480-04E6F4BC62F2}.Debug|Any CPU.Build.0 = Debug|Any CPU
		{86AD66DF-F7E6-4BC2-9480-04E6F4BC62F2}.Debug|x64.ActiveCfg = Debug|Any CPU
		{86AD66DF-F7E6-4BC2-9480-04E6F4BC62F2}.Debug|x64.Build.0 = Debug|Any CPU
		{86AD66DF-F7E6-4BC2-9480-04E6F4BC62F2}.Debug|x86.ActiveCfg = Debug|Any CPU
		{86AD66DF-F7E6-4BC2-9480-04E6F4BC62F2}.Debug|x86.Build.0 = Debug|Any CPU
		{86AD66DF-F7E6-4BC2-9480-04E6F4BC62F2}.Release|Any CPU.ActiveCfg = Release|Any CPU
		{86AD66DF-F7E6-4BC2-9480-04E6F4BC62F2}.Release|Any CPU.Build.0 = Release|Any CPU
		{86AD66DF-F7E6-4BC2-9480-04E6F4BC62F2}.Release|x64.ActiveCfg = Release|Any CPU
		{86AD66DF-F7E6-4BC2-9480-04E6F4BC62F2}.Release|x64.Build.0 = Release|Any CPU
		{86AD66DF-F7E6-4BC2-9480-04E6F4BC62F2}.Release|x86.ActiveCfg = Release|Any CPU
		{86AD66DF-F7E6-4BC2-9480-04E6F4BC62F2}.Release|x86.Build.0 = Release|Any CPU
		{BB40C3C4-C3F6-43AE-AEF2-82C812B90F4A}.Debug|Any CPU.ActiveCfg = Debug|Any CPU
		{BB40C3C4-C3F6-43AE-AEF2-82C812B90F4A}.Debug|Any CPU.Build.0 = Debug|Any CPU
		{BB40C3C4-C3F6-43AE-AEF2-82C812B90F4A}.Debug|x64.ActiveCfg = Debug|Any CPU
		{BB40C3C4-C3F6-43AE-AEF2-82C812B90F4A}.Debug|x64.Build.0 = Debug|Any CPU
		{BB40C3C4-C3F6-43AE-AEF2-82C812B90F4A}.Debug|x86.ActiveCfg = Debug|Any CPU
		{BB40C3C4-C3F6-43AE-AEF2-82C812B90F4A}.Debug|x86.Build.0 = Debug|Any CPU
		{BB40C3C4-C3F6-43AE-AEF2-82C812B90F4A}.Release|Any CPU.ActiveCfg = Release|Any CPU
		{BB40C3C4-C3F6-43AE-AEF2-82C812B90F4A}.Release|Any CPU.Build.0 = Release|Any CPU
		{BB40C3C4-C3F6-43AE-AEF2-82C812B90F4A}.Release|x64.ActiveCfg = Release|Any CPU
		{BB40C3C4-C3F6-43AE-AEF2-82C812B90F4A}.Release|x64.Build.0 = Release|Any CPU
		{BB40C3C4-C3F6-43AE-AEF2-82C812B90F4A}.Release|x86.ActiveCfg = Release|Any CPU
		{BB40C3C4-C3F6-43AE-AEF2-82C812B90F4A}.Release|x86.Build.0 = Release|Any CPU
		{F8928AC0-B4CD-4482-A6C2-A5344B5451C0}.Debug|Any CPU.ActiveCfg = Debug|Any CPU
		{F8928AC0-B4CD-4482-A6C2-A5344B5451C0}.Debug|Any CPU.Build.0 = Debug|Any CPU
		{F8928AC0-B4CD-4482-A6C2-A5344B5451C0}.Debug|x64.ActiveCfg = Debug|Any CPU
		{F8928AC0-B4CD-4482-A6C2-A5344B5451C0}.Debug|x64.Build.0 = Debug|Any CPU
		{F8928AC0-B4CD-4482-A6C2-A5344B5451C0}.Debug|x86.ActiveCfg = Debug|Any CPU
		{F8928AC0-B4CD-4482-A6C2-A5344B5451C0}.Debug|x86.Build.0 = Debug|Any CPU
		{F8928AC0-B4CD-4482-A6C2-A5344B5451C0}.Release|Any CPU.ActiveCfg = Release|Any CPU
		{F8928AC0-B4CD-4482-A6C2-A5344B5451C0}.Release|Any CPU.Build.0 = Release|Any CPU
		{F8928AC0-B4CD-4482-A6C2-A5344B5451C0}.Release|x64.ActiveCfg = Release|Any CPU
		{F8928AC0-B4CD-4482-A6C2-A5344B5451C0}.Release|x64.Build.0 = Release|Any CPU
		{F8928AC0-B4CD-4482-A6C2-A5344B5451C0}.Release|x86.ActiveCfg = Release|Any CPU
		{F8928AC0-B4CD-4482-A6C2-A5344B5451C0}.Release|x86.Build.0 = Release|Any CPU
		{5017CE97-FCB1-410A-A50F-0FF0FA9AD14F}.Debug|Any CPU.ActiveCfg = Debug|Any CPU
		{5017CE97-FCB1-410A-A50F-0FF0FA9AD14F}.Debug|Any CPU.Build.0 = Debug|Any CPU
		{5017CE97-FCB1-410A-A50F-0FF0FA9AD14F}.Debug|x64.ActiveCfg = Debug|Any CPU
		{5017CE97-FCB1-410A-A50F-0FF0FA9AD14F}.Debug|x64.Build.0 = Debug|Any CPU
		{5017CE97-FCB1-410A-A50F-0FF0FA9AD14F}.Debug|x86.ActiveCfg = Debug|Any CPU
		{5017CE97-FCB1-410A-A50F-0FF0FA9AD14F}.Debug|x86.Build.0 = Debug|Any CPU
		{5017CE97-FCB1-410A-A50F-0FF0FA9AD14F}.Release|Any CPU.ActiveCfg = Release|Any CPU
		{5017CE97-FCB1-410A-A50F-0FF0FA9AD14F}.Release|Any CPU.Build.0 = Release|Any CPU
		{5017CE97-FCB1-410A-A50F-0FF0FA9AD14F}.Release|x64.ActiveCfg = Release|Any CPU
		{5017CE97-FCB1-410A-A50F-0FF0FA9AD14F}.Release|x64.Build.0 = Release|Any CPU
		{5017CE97-FCB1-410A-A50F-0FF0FA9AD14F}.Release|x86.ActiveCfg = Release|Any CPU
		{5017CE97-FCB1-410A-A50F-0FF0FA9AD14F}.Release|x86.Build.0 = Release|Any CPU
		{3CB0E2B1-1FDE-43A2-9475-E67D26A88FD2}.Debug|Any CPU.ActiveCfg = Debug|Any CPU
		{3CB0E2B1-1FDE-43A2-9475-E67D26A88FD2}.Debug|Any CPU.Build.0 = Debug|Any CPU
		{3CB0E2B1-1FDE-43A2-9475-E67D26A88FD2}.Debug|x64.ActiveCfg = Debug|Any CPU
		{3CB0E2B1-1FDE-43A2-9475-E67D26A88FD2}.Debug|x64.Build.0 = Debug|Any CPU
		{3CB0E2B1-1FDE-43A2-9475-E67D26A88FD2}.Debug|x86.ActiveCfg = Debug|Any CPU
		{3CB0E2B1-1FDE-43A2-9475-E67D26A88FD2}.Debug|x86.Build.0 = Debug|Any CPU
		{3CB0E2B1-1FDE-43A2-9475-E67D26A88FD2}.Release|Any CPU.ActiveCfg = Release|Any CPU
		{3CB0E2B1-1FDE-43A2-9475-E67D26A88FD2}.Release|Any CPU.Build.0 = Release|Any CPU
		{3CB0E2B1-1FDE-43A2-9475-E67D26A88FD2}.Release|x64.ActiveCfg = Release|Any CPU
		{3CB0E2B1-1FDE-43A2-9475-E67D26A88FD2}.Release|x64.Build.0 = Release|Any CPU
		{3CB0E2B1-1FDE-43A2-9475-E67D26A88FD2}.Release|x86.ActiveCfg = Release|Any CPU
		{3CB0E2B1-1FDE-43A2-9475-E67D26A88FD2}.Release|x86.Build.0 = Release|Any CPU
		{FD18321A-A3E4-4231-936C-76640A7DCC02}.Debug|Any CPU.ActiveCfg = Debug|Any CPU
		{FD18321A-A3E4-4231-936C-76640A7DCC02}.Debug|Any CPU.Build.0 = Debug|Any CPU
		{FD18321A-A3E4-4231-936C-76640A7DCC02}.Debug|x64.ActiveCfg = Debug|Any CPU
		{FD18321A-A3E4-4231-936C-76640A7DCC02}.Debug|x64.Build.0 = Debug|Any CPU
		{FD18321A-A3E4-4231-936C-76640A7DCC02}.Debug|x86.ActiveCfg = Debug|Any CPU
		{FD18321A-A3E4-4231-936C-76640A7DCC02}.Debug|x86.Build.0 = Debug|Any CPU
		{FD18321A-A3E4-4231-936C-76640A7DCC02}.Release|Any CPU.ActiveCfg = Release|Any CPU
		{FD18321A-A3E4-4231-936C-76640A7DCC02}.Release|Any CPU.Build.0 = Release|Any CPU
		{FD18321A-A3E4-4231-936C-76640A7DCC02}.Release|x64.ActiveCfg = Release|Any CPU
		{FD18321A-A3E4-4231-936C-76640A7DCC02}.Release|x64.Build.0 = Release|Any CPU
		{FD18321A-A3E4-4231-936C-76640A7DCC02}.Release|x86.ActiveCfg = Release|Any CPU
		{FD18321A-A3E4-4231-936C-76640A7DCC02}.Release|x86.Build.0 = Release|Any CPU
		{43FF9A5F-4AA1-4FCB-8585-7817826B1968}.Debug|Any CPU.ActiveCfg = Debug|Any CPU
		{43FF9A5F-4AA1-4FCB-8585-7817826B1968}.Debug|Any CPU.Build.0 = Debug|Any CPU
		{43FF9A5F-4AA1-4FCB-8585-7817826B1968}.Debug|x64.ActiveCfg = Debug|Any CPU
		{43FF9A5F-4AA1-4FCB-8585-7817826B1968}.Debug|x64.Build.0 = Debug|Any CPU
		{43FF9A5F-4AA1-4FCB-8585-7817826B1968}.Debug|x86.ActiveCfg = Debug|Any CPU
		{43FF9A5F-4AA1-4FCB-8585-7817826B1968}.Debug|x86.Build.0 = Debug|Any CPU
		{43FF9A5F-4AA1-4FCB-8585-7817826B1968}.Release|Any CPU.ActiveCfg = Release|Any CPU
		{43FF9A5F-4AA1-4FCB-8585-7817826B1968}.Release|Any CPU.Build.0 = Release|Any CPU
		{43FF9A5F-4AA1-4FCB-8585-7817826B1968}.Release|x64.ActiveCfg = Release|Any CPU
		{43FF9A5F-4AA1-4FCB-8585-7817826B1968}.Release|x64.Build.0 = Release|Any CPU
		{43FF9A5F-4AA1-4FCB-8585-7817826B1968}.Release|x86.ActiveCfg = Release|Any CPU
		{43FF9A5F-4AA1-4FCB-8585-7817826B1968}.Release|x86.Build.0 = Release|Any CPU
		{7A09C2A6-BA73-4E30-A5FC-34CAC9EB9447}.Debug|Any CPU.ActiveCfg = Debug|Any CPU
		{7A09C2A6-BA73-4E30-A5FC-34CAC9EB9447}.Debug|Any CPU.Build.0 = Debug|Any CPU
		{7A09C2A6-BA73-4E30-A5FC-34CAC9EB9447}.Debug|x64.ActiveCfg = Debug|Any CPU
		{7A09C2A6-BA73-4E30-A5FC-34CAC9EB9447}.Debug|x64.Build.0 = Debug|Any CPU
		{7A09C2A6-BA73-4E30-A5FC-34CAC9EB9447}.Debug|x86.ActiveCfg = Debug|Any CPU
		{7A09C2A6-BA73-4E30-A5FC-34CAC9EB9447}.Debug|x86.Build.0 = Debug|Any CPU
		{7A09C2A6-BA73-4E30-A5FC-34CAC9EB9447}.Release|Any CPU.ActiveCfg = Release|Any CPU
		{7A09C2A6-BA73-4E30-A5FC-34CAC9EB9447}.Release|Any CPU.Build.0 = Release|Any CPU
		{7A09C2A6-BA73-4E30-A5FC-34CAC9EB9447}.Release|x64.ActiveCfg = Release|Any CPU
		{7A09C2A6-BA73-4E30-A5FC-34CAC9EB9447}.Release|x64.Build.0 = Release|Any CPU
		{7A09C2A6-BA73-4E30-A5FC-34CAC9EB9447}.Release|x86.ActiveCfg = Release|Any CPU
		{7A09C2A6-BA73-4E30-A5FC-34CAC9EB9447}.Release|x86.Build.0 = Release|Any CPU
		{55CA7F90-F6EA-483A-ADB2-071EE3E8880E}.Debug|Any CPU.ActiveCfg = Debug|Any CPU
		{55CA7F90-F6EA-483A-ADB2-071EE3E8880E}.Debug|Any CPU.Build.0 = Debug|Any CPU
		{55CA7F90-F6EA-483A-ADB2-071EE3E8880E}.Debug|x64.ActiveCfg = Debug|Any CPU
		{55CA7F90-F6EA-483A-ADB2-071EE3E8880E}.Debug|x64.Build.0 = Debug|Any CPU
		{55CA7F90-F6EA-483A-ADB2-071EE3E8880E}.Debug|x86.ActiveCfg = Debug|Any CPU
		{55CA7F90-F6EA-483A-ADB2-071EE3E8880E}.Debug|x86.Build.0 = Debug|Any CPU
		{55CA7F90-F6EA-483A-ADB2-071EE3E8880E}.Release|Any CPU.ActiveCfg = Release|Any CPU
		{55CA7F90-F6EA-483A-ADB2-071EE3E8880E}.Release|Any CPU.Build.0 = Release|Any CPU
		{55CA7F90-F6EA-483A-ADB2-071EE3E8880E}.Release|x64.ActiveCfg = Release|Any CPU
		{55CA7F90-F6EA-483A-ADB2-071EE3E8880E}.Release|x64.Build.0 = Release|Any CPU
		{55CA7F90-F6EA-483A-ADB2-071EE3E8880E}.Release|x86.ActiveCfg = Release|Any CPU
		{55CA7F90-F6EA-483A-ADB2-071EE3E8880E}.Release|x86.Build.0 = Release|Any CPU
		{4B7C0895-9FD4-421B-A8F0-5E2C48EBE3B9}.Debug|Any CPU.ActiveCfg = Debug|Any CPU
		{4B7C0895-9FD4-421B-A8F0-5E2C48EBE3B9}.Debug|Any CPU.Build.0 = Debug|Any CPU
		{4B7C0895-9FD4-421B-A8F0-5E2C48EBE3B9}.Debug|x64.ActiveCfg = Debug|Any CPU
		{4B7C0895-9FD4-421B-A8F0-5E2C48EBE3B9}.Debug|x64.Build.0 = Debug|Any CPU
		{4B7C0895-9FD4-421B-A8F0-5E2C48EBE3B9}.Debug|x86.ActiveCfg = Debug|Any CPU
		{4B7C0895-9FD4-421B-A8F0-5E2C48EBE3B9}.Debug|x86.Build.0 = Debug|Any CPU
		{4B7C0895-9FD4-421B-A8F0-5E2C48EBE3B9}.Release|Any CPU.ActiveCfg = Release|Any CPU
		{4B7C0895-9FD4-421B-A8F0-5E2C48EBE3B9}.Release|Any CPU.Build.0 = Release|Any CPU
		{4B7C0895-9FD4-421B-A8F0-5E2C48EBE3B9}.Release|x64.ActiveCfg = Release|Any CPU
		{4B7C0895-9FD4-421B-A8F0-5E2C48EBE3B9}.Release|x64.Build.0 = Release|Any CPU
		{4B7C0895-9FD4-421B-A8F0-5E2C48EBE3B9}.Release|x86.ActiveCfg = Release|Any CPU
		{4B7C0895-9FD4-421B-A8F0-5E2C48EBE3B9}.Release|x86.Build.0 = Release|Any CPU
		{99AFF371-5C37-4A9B-8C9E-109C6B28EC52}.Debug|Any CPU.ActiveCfg = Debug|Any CPU
		{99AFF371-5C37-4A9B-8C9E-109C6B28EC52}.Debug|Any CPU.Build.0 = Debug|Any CPU
		{99AFF371-5C37-4A9B-8C9E-109C6B28EC52}.Debug|x64.ActiveCfg = Debug|Any CPU
		{99AFF371-5C37-4A9B-8C9E-109C6B28EC52}.Debug|x64.Build.0 = Debug|Any CPU
		{99AFF371-5C37-4A9B-8C9E-109C6B28EC52}.Debug|x86.ActiveCfg = Debug|Any CPU
		{99AFF371-5C37-4A9B-8C9E-109C6B28EC52}.Debug|x86.Build.0 = Debug|Any CPU
		{99AFF371-5C37-4A9B-8C9E-109C6B28EC52}.Release|Any CPU.ActiveCfg = Release|Any CPU
		{99AFF371-5C37-4A9B-8C9E-109C6B28EC52}.Release|Any CPU.Build.0 = Release|Any CPU
		{99AFF371-5C37-4A9B-8C9E-109C6B28EC52}.Release|x64.ActiveCfg = Release|Any CPU
		{99AFF371-5C37-4A9B-8C9E-109C6B28EC52}.Release|x64.Build.0 = Release|Any CPU
		{99AFF371-5C37-4A9B-8C9E-109C6B28EC52}.Release|x86.ActiveCfg = Release|Any CPU
		{99AFF371-5C37-4A9B-8C9E-109C6B28EC52}.Release|x86.Build.0 = Release|Any CPU
		{F3A17022-DB10-4430-9FFE-92D365394F7B}.Debug|Any CPU.ActiveCfg = Debug|Any CPU
		{F3A17022-DB10-4430-9FFE-92D365394F7B}.Debug|Any CPU.Build.0 = Debug|Any CPU
		{F3A17022-DB10-4430-9FFE-92D365394F7B}.Debug|x64.ActiveCfg = Debug|Any CPU
		{F3A17022-DB10-4430-9FFE-92D365394F7B}.Debug|x64.Build.0 = Debug|Any CPU
		{F3A17022-DB10-4430-9FFE-92D365394F7B}.Debug|x86.ActiveCfg = Debug|Any CPU
		{F3A17022-DB10-4430-9FFE-92D365394F7B}.Debug|x86.Build.0 = Debug|Any CPU
		{F3A17022-DB10-4430-9FFE-92D365394F7B}.Release|Any CPU.ActiveCfg = Release|Any CPU
		{F3A17022-DB10-4430-9FFE-92D365394F7B}.Release|Any CPU.Build.0 = Release|Any CPU
		{F3A17022-DB10-4430-9FFE-92D365394F7B}.Release|x64.ActiveCfg = Release|Any CPU
		{F3A17022-DB10-4430-9FFE-92D365394F7B}.Release|x64.Build.0 = Release|Any CPU
		{F3A17022-DB10-4430-9FFE-92D365394F7B}.Release|x86.ActiveCfg = Release|Any CPU
		{F3A17022-DB10-4430-9FFE-92D365394F7B}.Release|x86.Build.0 = Release|Any CPU
		{F5B56898-B40B-4297-A1BA-60670BEC5333}.Debug|Any CPU.ActiveCfg = Debug|Any CPU
		{F5B56898-B40B-4297-A1BA-60670BEC5333}.Debug|Any CPU.Build.0 = Debug|Any CPU
		{F5B56898-B40B-4297-A1BA-60670BEC5333}.Debug|x64.ActiveCfg = Debug|Any CPU
		{F5B56898-B40B-4297-A1BA-60670BEC5333}.Debug|x64.Build.0 = Debug|Any CPU
		{F5B56898-B40B-4297-A1BA-60670BEC5333}.Debug|x86.ActiveCfg = Debug|Any CPU
		{F5B56898-B40B-4297-A1BA-60670BEC5333}.Debug|x86.Build.0 = Debug|Any CPU
		{F5B56898-B40B-4297-A1BA-60670BEC5333}.Release|Any CPU.ActiveCfg = Release|Any CPU
		{F5B56898-B40B-4297-A1BA-60670BEC5333}.Release|Any CPU.Build.0 = Release|Any CPU
		{F5B56898-B40B-4297-A1BA-60670BEC5333}.Release|x64.ActiveCfg = Release|Any CPU
		{F5B56898-B40B-4297-A1BA-60670BEC5333}.Release|x64.Build.0 = Release|Any CPU
		{F5B56898-B40B-4297-A1BA-60670BEC5333}.Release|x86.ActiveCfg = Release|Any CPU
		{F5B56898-B40B-4297-A1BA-60670BEC5333}.Release|x86.Build.0 = Release|Any CPU
		{98E78C45-2E63-4D9D-8722-4035DBB08B84}.Debug|Any CPU.ActiveCfg = Debug|Any CPU
		{98E78C45-2E63-4D9D-8722-4035DBB08B84}.Debug|Any CPU.Build.0 = Debug|Any CPU
		{98E78C45-2E63-4D9D-8722-4035DBB08B84}.Debug|x64.ActiveCfg = Debug|Any CPU
		{98E78C45-2E63-4D9D-8722-4035DBB08B84}.Debug|x64.Build.0 = Debug|Any CPU
		{98E78C45-2E63-4D9D-8722-4035DBB08B84}.Debug|x86.ActiveCfg = Debug|Any CPU
		{98E78C45-2E63-4D9D-8722-4035DBB08B84}.Debug|x86.Build.0 = Debug|Any CPU
		{98E78C45-2E63-4D9D-8722-4035DBB08B84}.Release|Any CPU.ActiveCfg = Release|Any CPU
		{98E78C45-2E63-4D9D-8722-4035DBB08B84}.Release|Any CPU.Build.0 = Release|Any CPU
		{98E78C45-2E63-4D9D-8722-4035DBB08B84}.Release|x64.ActiveCfg = Release|Any CPU
		{98E78C45-2E63-4D9D-8722-4035DBB08B84}.Release|x64.Build.0 = Release|Any CPU
		{98E78C45-2E63-4D9D-8722-4035DBB08B84}.Release|x86.ActiveCfg = Release|Any CPU
		{98E78C45-2E63-4D9D-8722-4035DBB08B84}.Release|x86.Build.0 = Release|Any CPU
		{B70BBE62-92AC-4EA5-BA3C-F273F64C77D9}.Debug|Any CPU.ActiveCfg = Debug|Any CPU
		{B70BBE62-92AC-4EA5-BA3C-F273F64C77D9}.Debug|Any CPU.Build.0 = Debug|Any CPU
		{B70BBE62-92AC-4EA5-BA3C-F273F64C77D9}.Debug|x64.ActiveCfg = Debug|Any CPU
		{B70BBE62-92AC-4EA5-BA3C-F273F64C77D9}.Debug|x64.Build.0 = Debug|Any CPU
		{B70BBE62-92AC-4EA5-BA3C-F273F64C77D9}.Debug|x86.ActiveCfg = Debug|Any CPU
		{B70BBE62-92AC-4EA5-BA3C-F273F64C77D9}.Debug|x86.Build.0 = Debug|Any CPU
		{B70BBE62-92AC-4EA5-BA3C-F273F64C77D9}.Release|Any CPU.ActiveCfg = Release|Any CPU
		{B70BBE62-92AC-4EA5-BA3C-F273F64C77D9}.Release|Any CPU.Build.0 = Release|Any CPU
		{B70BBE62-92AC-4EA5-BA3C-F273F64C77D9}.Release|x64.ActiveCfg = Release|Any CPU
		{B70BBE62-92AC-4EA5-BA3C-F273F64C77D9}.Release|x64.Build.0 = Release|Any CPU
		{B70BBE62-92AC-4EA5-BA3C-F273F64C77D9}.Release|x86.ActiveCfg = Release|Any CPU
		{B70BBE62-92AC-4EA5-BA3C-F273F64C77D9}.Release|x86.Build.0 = Release|Any CPU
		{3995CB43-7F08-4175-AA24-6B4B0B30F612}.Debug|Any CPU.ActiveCfg = Debug|Any CPU
		{3995CB43-7F08-4175-AA24-6B4B0B30F612}.Debug|Any CPU.Build.0 = Debug|Any CPU
		{3995CB43-7F08-4175-AA24-6B4B0B30F612}.Debug|x64.ActiveCfg = Debug|Any CPU
		{3995CB43-7F08-4175-AA24-6B4B0B30F612}.Debug|x64.Build.0 = Debug|Any CPU
		{3995CB43-7F08-4175-AA24-6B4B0B30F612}.Debug|x86.ActiveCfg = Debug|Any CPU
		{3995CB43-7F08-4175-AA24-6B4B0B30F612}.Debug|x86.Build.0 = Debug|Any CPU
		{3995CB43-7F08-4175-AA24-6B4B0B30F612}.Release|Any CPU.ActiveCfg = Release|Any CPU
		{3995CB43-7F08-4175-AA24-6B4B0B30F612}.Release|Any CPU.Build.0 = Release|Any CPU
		{3995CB43-7F08-4175-AA24-6B4B0B30F612}.Release|x64.ActiveCfg = Release|Any CPU
		{3995CB43-7F08-4175-AA24-6B4B0B30F612}.Release|x64.Build.0 = Release|Any CPU
		{3995CB43-7F08-4175-AA24-6B4B0B30F612}.Release|x86.ActiveCfg = Release|Any CPU
		{3995CB43-7F08-4175-AA24-6B4B0B30F612}.Release|x86.Build.0 = Release|Any CPU
		{05ACE34D-57DE-4DDA-B3C6-B264FB504C7D}.Debug|Any CPU.ActiveCfg = Debug|Any CPU
		{05ACE34D-57DE-4DDA-B3C6-B264FB504C7D}.Debug|Any CPU.Build.0 = Debug|Any CPU
		{05ACE34D-57DE-4DDA-B3C6-B264FB504C7D}.Debug|x64.ActiveCfg = Debug|Any CPU
		{05ACE34D-57DE-4DDA-B3C6-B264FB504C7D}.Debug|x64.Build.0 = Debug|Any CPU
		{05ACE34D-57DE-4DDA-B3C6-B264FB504C7D}.Debug|x86.ActiveCfg = Debug|Any CPU
		{05ACE34D-57DE-4DDA-B3C6-B264FB504C7D}.Debug|x86.Build.0 = Debug|Any CPU
		{05ACE34D-57DE-4DDA-B3C6-B264FB504C7D}.Release|Any CPU.ActiveCfg = Release|Any CPU
		{05ACE34D-57DE-4DDA-B3C6-B264FB504C7D}.Release|Any CPU.Build.0 = Release|Any CPU
		{05ACE34D-57DE-4DDA-B3C6-B264FB504C7D}.Release|x64.ActiveCfg = Release|Any CPU
		{05ACE34D-57DE-4DDA-B3C6-B264FB504C7D}.Release|x64.Build.0 = Release|Any CPU
		{05ACE34D-57DE-4DDA-B3C6-B264FB504C7D}.Release|x86.ActiveCfg = Release|Any CPU
		{05ACE34D-57DE-4DDA-B3C6-B264FB504C7D}.Release|x86.Build.0 = Release|Any CPU
		{18917DB4-F3D1-461E-BB53-EC02A6F86F92}.Debug|Any CPU.ActiveCfg = Debug|Any CPU
		{18917DB4-F3D1-461E-BB53-EC02A6F86F92}.Debug|Any CPU.Build.0 = Debug|Any CPU
		{18917DB4-F3D1-461E-BB53-EC02A6F86F92}.Debug|x64.ActiveCfg = Debug|Any CPU
		{18917DB4-F3D1-461E-BB53-EC02A6F86F92}.Debug|x64.Build.0 = Debug|Any CPU
		{18917DB4-F3D1-461E-BB53-EC02A6F86F92}.Debug|x86.ActiveCfg = Debug|Any CPU
		{18917DB4-F3D1-461E-BB53-EC02A6F86F92}.Debug|x86.Build.0 = Debug|Any CPU
		{18917DB4-F3D1-461E-BB53-EC02A6F86F92}.Release|Any CPU.ActiveCfg = Release|Any CPU
		{18917DB4-F3D1-461E-BB53-EC02A6F86F92}.Release|Any CPU.Build.0 = Release|Any CPU
		{18917DB4-F3D1-461E-BB53-EC02A6F86F92}.Release|x64.ActiveCfg = Release|Any CPU
		{18917DB4-F3D1-461E-BB53-EC02A6F86F92}.Release|x64.Build.0 = Release|Any CPU
		{18917DB4-F3D1-461E-BB53-EC02A6F86F92}.Release|x86.ActiveCfg = Release|Any CPU
		{18917DB4-F3D1-461E-BB53-EC02A6F86F92}.Release|x86.Build.0 = Release|Any CPU
		{34AA998C-C338-4AFE-8F8A-5DF5543501D0}.Debug|Any CPU.ActiveCfg = Debug|Any CPU
		{34AA998C-C338-4AFE-8F8A-5DF5543501D0}.Debug|Any CPU.Build.0 = Debug|Any CPU
		{34AA998C-C338-4AFE-8F8A-5DF5543501D0}.Debug|x64.ActiveCfg = Debug|Any CPU
		{34AA998C-C338-4AFE-8F8A-5DF5543501D0}.Debug|x64.Build.0 = Debug|Any CPU
		{34AA998C-C338-4AFE-8F8A-5DF5543501D0}.Debug|x86.ActiveCfg = Debug|Any CPU
		{34AA998C-C338-4AFE-8F8A-5DF5543501D0}.Debug|x86.Build.0 = Debug|Any CPU
		{34AA998C-C338-4AFE-8F8A-5DF5543501D0}.Release|Any CPU.ActiveCfg = Release|Any CPU
		{34AA998C-C338-4AFE-8F8A-5DF5543501D0}.Release|Any CPU.Build.0 = Release|Any CPU
		{34AA998C-C338-4AFE-8F8A-5DF5543501D0}.Release|x64.ActiveCfg = Release|Any CPU
		{34AA998C-C338-4AFE-8F8A-5DF5543501D0}.Release|x64.Build.0 = Release|Any CPU
		{34AA998C-C338-4AFE-8F8A-5DF5543501D0}.Release|x86.ActiveCfg = Release|Any CPU
		{34AA998C-C338-4AFE-8F8A-5DF5543501D0}.Release|x86.Build.0 = Release|Any CPU
		{1BCE6C95-B4C8-417D-BC97-86A5D7FC6A87}.Debug|Any CPU.ActiveCfg = Debug|Any CPU
		{1BCE6C95-B4C8-417D-BC97-86A5D7FC6A87}.Debug|Any CPU.Build.0 = Debug|Any CPU
		{1BCE6C95-B4C8-417D-BC97-86A5D7FC6A87}.Debug|x64.ActiveCfg = Debug|Any CPU
		{1BCE6C95-B4C8-417D-BC97-86A5D7FC6A87}.Debug|x64.Build.0 = Debug|Any CPU
		{1BCE6C95-B4C8-417D-BC97-86A5D7FC6A87}.Debug|x86.ActiveCfg = Debug|Any CPU
		{1BCE6C95-B4C8-417D-BC97-86A5D7FC6A87}.Debug|x86.Build.0 = Debug|Any CPU
		{1BCE6C95-B4C8-417D-BC97-86A5D7FC6A87}.Release|Any CPU.ActiveCfg = Release|Any CPU
		{1BCE6C95-B4C8-417D-BC97-86A5D7FC6A87}.Release|Any CPU.Build.0 = Release|Any CPU
		{1BCE6C95-B4C8-417D-BC97-86A5D7FC6A87}.Release|x64.ActiveCfg = Release|Any CPU
		{1BCE6C95-B4C8-417D-BC97-86A5D7FC6A87}.Release|x64.Build.0 = Release|Any CPU
		{1BCE6C95-B4C8-417D-BC97-86A5D7FC6A87}.Release|x86.ActiveCfg = Release|Any CPU
		{1BCE6C95-B4C8-417D-BC97-86A5D7FC6A87}.Release|x86.Build.0 = Release|Any CPU
		{12062436-9AA1-4905-A4CD-FF1D1D66491B}.Debug|Any CPU.ActiveCfg = Debug|Any CPU
		{12062436-9AA1-4905-A4CD-FF1D1D66491B}.Debug|Any CPU.Build.0 = Debug|Any CPU
		{12062436-9AA1-4905-A4CD-FF1D1D66491B}.Debug|x64.ActiveCfg = Debug|Any CPU
		{12062436-9AA1-4905-A4CD-FF1D1D66491B}.Debug|x64.Build.0 = Debug|Any CPU
		{12062436-9AA1-4905-A4CD-FF1D1D66491B}.Debug|x86.ActiveCfg = Debug|Any CPU
		{12062436-9AA1-4905-A4CD-FF1D1D66491B}.Debug|x86.Build.0 = Debug|Any CPU
		{12062436-9AA1-4905-A4CD-FF1D1D66491B}.Release|Any CPU.ActiveCfg = Release|Any CPU
		{12062436-9AA1-4905-A4CD-FF1D1D66491B}.Release|Any CPU.Build.0 = Release|Any CPU
		{12062436-9AA1-4905-A4CD-FF1D1D66491B}.Release|x64.ActiveCfg = Release|Any CPU
		{12062436-9AA1-4905-A4CD-FF1D1D66491B}.Release|x64.Build.0 = Release|Any CPU
		{12062436-9AA1-4905-A4CD-FF1D1D66491B}.Release|x86.ActiveCfg = Release|Any CPU
		{12062436-9AA1-4905-A4CD-FF1D1D66491B}.Release|x86.Build.0 = Release|Any CPU
		{52928A25-D5B0-4A09-95AC-F9255BCF8900}.Debug|Any CPU.ActiveCfg = Debug|Any CPU
		{52928A25-D5B0-4A09-95AC-F9255BCF8900}.Debug|Any CPU.Build.0 = Debug|Any CPU
		{52928A25-D5B0-4A09-95AC-F9255BCF8900}.Debug|x64.ActiveCfg = Debug|Any CPU
		{52928A25-D5B0-4A09-95AC-F9255BCF8900}.Debug|x64.Build.0 = Debug|Any CPU
		{52928A25-D5B0-4A09-95AC-F9255BCF8900}.Debug|x86.ActiveCfg = Debug|Any CPU
		{52928A25-D5B0-4A09-95AC-F9255BCF8900}.Debug|x86.Build.0 = Debug|Any CPU
		{52928A25-D5B0-4A09-95AC-F9255BCF8900}.Release|Any CPU.ActiveCfg = Release|Any CPU
		{52928A25-D5B0-4A09-95AC-F9255BCF8900}.Release|Any CPU.Build.0 = Release|Any CPU
		{52928A25-D5B0-4A09-95AC-F9255BCF8900}.Release|x64.ActiveCfg = Release|Any CPU
		{52928A25-D5B0-4A09-95AC-F9255BCF8900}.Release|x64.Build.0 = Release|Any CPU
		{52928A25-D5B0-4A09-95AC-F9255BCF8900}.Release|x86.ActiveCfg = Release|Any CPU
		{52928A25-D5B0-4A09-95AC-F9255BCF8900}.Release|x86.Build.0 = Release|Any CPU
	EndGlobalSection
EndGlobal
